
Microsoft Visual Studio Solution File, Format Version 12.00
# Visual Studio 15
VisualStudioVersion = 15.0.27703.2047
MinimumVisualStudioVersion = 10.0.40219.1
Project("{FAE04EC0-301F-11D3-BF4B-00C04F79EFBC}") = "KennelUnion.Web", "KennelUnion.Web\KennelUnion.Web.csproj", "{DF6EE21E-9AD8-454A-91DE-D05F57801209}"
EndProject
Project("{FAE04EC0-301F-11D3-BF4B-00C04F79EFBC}") = "KennelUnion.Data", "KennelUnion.Data\KennelUnion.Data.csproj", "{97B17584-B733-4EC4-93DC-A449BA3CF70A}"
EndProject
Global
	GlobalSection(SolutionConfigurationPlatforms) = preSolution
		Debug|Any CPU = Debug|Any CPU
		Release|Any CPU = Release|Any CPU
	EndGlobalSection
	GlobalSection(ProjectConfigurationPlatforms) = postSolution
		{DF6EE21E-9AD8-454A-91DE-D05F57801209}.Debug|Any CPU.ActiveCfg = Debug|Any CPU
		{DF6EE21E-9AD8-454A-91DE-D05F57801209}.Debug|Any CPU.Build.0 = Debug|Any CPU
		{DF6EE21E-9AD8-454A-91DE-D05F57801209}.Release|Any CPU.ActiveCfg = Release|Any CPU
		{DF6EE21E-9AD8-454A-91DE-D05F57801209}.Release|Any CPU.Build.0 = Release|Any CPU
		{97B17584-B733-4EC4-93DC-A449BA3CF70A}.Debug|Any CPU.ActiveCfg = Debug|Any CPU
		{97B17584-B733-4EC4-93DC-A449BA3CF70A}.Debug|Any CPU.Build.0 = Debug|Any CPU
		{97B17584-B733-4EC4-93DC-A449BA3CF70A}.Release|Any CPU.ActiveCfg = Release|Any CPU
		{97B17584-B733-4EC4-93DC-A449BA3CF70A}.Release|Any CPU.Build.0 = Release|Any CPU
	EndGlobalSection
	GlobalSection(SolutionProperties) = preSolution
		HideSolutionNode = FALSE
	EndGlobalSection
	GlobalSection(ExtensibilityGlobals) = postSolution
		SolutionGuid = {5F3EFAD4-E970-4143-8EA3-768F231300C6}
	EndGlobalSection
EndGlobal
